dependencies:
- name: kafka
  repository: https://charts.bitnami.com/bitnami
  version: 25.3.5
- name: mongodb
  repository: https://charts.bitnami.com/bitnami
  version: 14.13.0
- name: prometheus
  repository: https://charts.bitnami.com/bitnami
  version: 1.4.7
- name: grafana
  repository: https://charts.bitnami.com/bitnami
  version: 11.4.9
- name: grafana-operator
  repository: https://charts.bitnami.com/bitnami
  version: 4.9.7
digest: sha256:5247fecf3d35dcd6e195827a26bd3b2f9f831737cd4a9d573eded205ba3aca54
generated: "2025-02-26T02:04:49.716120256+03:00"
